// !$*UTF8*$!
{
	archiveVersion = 1;
	classes = {
	};
	objectVersion = 46;
	objects = {

/* Begin PBXBuildFile section */
		27008B9618AA199000432BC2 /* CardGenerator.m in Sources */ = {isa = PBXBuildFile; fileRef = 27008B9518AA199000432BC2 /* CardGenerator.m */; };
		27008BA518AA28AF00432BC2 /* TOverviewCardViewController.m in Sources */ = {isa = PBXBuildFile; fileRef = 27008BA318AA28AE00432BC2 /* TOverviewCardViewController.m */; };
		27008BA618AA28AF00432BC2 /* TOverviewCardViewController.xib in Resources */ = {isa = PBXBuildFile; fileRef = 27008BA418AA28AF00432BC2 /* TOverviewCardViewController.xib */; };
		27008C1718C786BC00E801CE /* UserCoreData.xcdatamodeld in Sources */ = {isa = PBXBuildFile; fileRef = 27008C1518C786BC00E801CE /* UserCoreData.xcdatamodeld */; };
		272AB6A418B2A9020093BA10 /* arrowdown.png in Resources */ = {isa = PBXBuildFile; fileRef = 272AB6A218B2A9020093BA10 /* arrowdown.png */; };
		272AB6A518B2A9020093BA10 /* arrowup.png in Resources */ = {isa = PBXBuildFile; fileRef = 272AB6A318B2A9020093BA10 /* arrowup.png */; };
		272D1A781889206800545543 /* TLogInViewController.m in Sources */ = {isa = PBXBuildFile; fileRef = 272D1A771889206800545543 /* TLogInViewController.m */; };
		272D3B191897D40800236EBB /* TDetailCardViewController.m in Sources */ = {isa = PBXBuildFile; fileRef = 272D3B171897D40800236EBB /* TDetailCardViewController.m */; };
		272D3B1A1897D40800236EBB /* TDetailCardViewController.xib in Resources */ = {isa = PBXBuildFile; fileRef = 272D3B181897D40800236EBB /* TDetailCardViewController.xib */; };
		272E6EB318ACF58A00869EA1 /* Opponent.m in Sources */ = {isa = PBXBuildFile; fileRef = 272E6EB218ACF58A00869EA1 /* Opponent.m */; };
		27388B4D1887DD0F0083512D /* CoreData.framework in Frameworks */ = {isa = PBXBuildFile; fileRef = 27388B4C1887DD0F0083512D /* CoreData.framework */; };
		27388B4F1887DD180083512D /* MobileCoreServices.framework in Frameworks */ = {isa = PBXBuildFile; fileRef = 27388B4E1887DD180083512D /* MobileCoreServices.framework */; };
		27388B511887DD280083512D /* Security.framework in Frameworks */ = {isa = PBXBuildFile; fileRef = 27388B501887DD280083512D /* Security.framework */; };
		27388B531887DD2F0083512D /* SystemConfiguration.framework in Frameworks */ = {isa = PBXBuildFile; fileRef = 27388B521887DD2F0083512D /* SystemConfiguration.framework */; };
		27388B551887DDDB0083512D /* libxml2.dylib in Frameworks */ = {isa = PBXBuildFile; fileRef = 273F8C4A18858AD80085E6E7 /* libxml2.dylib */; };
		27388B661887DF880083512D /* libRestKit.a in Frameworks */ = {isa = PBXBuildFile; fileRef = 27388B5E1887DF660083512D /* libRestKit.a */; };
		273F8C4918858A8C0085E6E7 /* CFNetwork.framework in Frameworks */ = {isa = PBXBuildFile; fileRef = 273F8C4818858A8C0085E6E7 /* CFNetwork.framework */; };
		275D38F218899342006A0CCE /* TCardCollectionViewCell.m in Sources */ = {isa = PBXBuildFile; fileRef = 275D38F118899342006A0CCE /* TCardCollectionViewCell.m */; };
		2769CAE8188ECFAD00824DAF /* SHACode.m in Sources */ = {isa = PBXBuildFile; fileRef = 2769CAE7188ECFAD00824DAF /* SHACode.m */; };
		2771FD3618B0C3C100974C64 /* emptyField.png in Resources */ = {isa = PBXBuildFile; fileRef = 2771FD3518B0C3C100974C64 /* emptyField.png */; };
		2771FD3818B14FA100974C64 /* sword.png in Resources */ = {isa = PBXBuildFile; fileRef = 2771FD3718B14FA100974C64 /* sword.png */; };
		2771FD3B18B14FAA00974C64 /* heart.png in Resources */ = {isa = PBXBuildFile; fileRef = 2771FD3918B14FAA00974C64 /* heart.png */; };
		2771FD3C18B14FAA00974C64 /* shield.png in Resources */ = {isa = PBXBuildFile; fileRef = 2771FD3A18B14FAA00974C64 /* shield.png */; };
		2781D87C18928F55002366EB /* Nutritive.m in Sources */ = {isa = PBXBuildFile; fileRef = 2781D87B18928F55002366EB /* Nutritive.m */; };
		2798350218AB703A002CC890 /* nopic.png in Resources */ = {isa = PBXBuildFile; fileRef = 2798350118AB703A002CC890 /* nopic.png */; };
		2798350C18AB789E002CC890 /* cardback.jpg in Resources */ = {isa = PBXBuildFile; fileRef = 2798350B18AB789E002CC890 /* cardback.jpg */; };
		2798351018AB7923002CC890 /* TGameManager.m in Sources */ = {isa = PBXBuildFile; fileRef = 2798350F18AB7923002CC890 /* TGameManager.m */; };
		2798351818ABB1C8002CC890 /* carddeck.jpg in Resources */ = {isa = PBXBuildFile; fileRef = 2798351718ABB1C8002CC890 /* carddeck.jpg */; };
		2798351E18ABD332002CC890 /* TCardField.m in Sources */ = {isa = PBXBuildFile; fileRef = 2798351D18ABD332002CC890 /* TCardField.m */; };
		27AC2CDB18A25213002E1D01 /* UserData.m in Sources */ = {isa = PBXBuildFile; fileRef = 27AC2CDA18A25213002E1D01 /* UserData.m */; };
		27C0808C189A436900F4DE64 /* TNutritiveCell.m in Sources */ = {isa = PBXBuildFile; fileRef = 27C0808B189A436900F4DE64 /* TNutritiveCell.m */; };
		27C0808E189A437D00F4DE64 /* TNutritiveCell.xib in Resources */ = {isa = PBXBuildFile; fileRef = 27C0808D189A437D00F4DE64 /* TNutritiveCell.xib */; };
		27C08092189A4C6A00F4DE64 /* SpinnerView.m in Sources */ = {isa = PBXBuildFile; fileRef = 27C08091189A4C6A00F4DE64 /* SpinnerView.m */; };
		27C08098189A5F1100F4DE64 /* Game.m in Sources */ = {isa = PBXBuildFile; fileRef = 27C08097189A5F1100F4DE64 /* Game.m */; };
		27C195CE188990E900BE7B66 /* TUsersDeckViewController.m in Sources */ = {isa = PBXBuildFile; fileRef = 27C195CD188990E900BE7B66 /* TUsersDeckViewController.m */; };
		27C9D32618AE149B0070C697 /* DataManager.m in Sources */ = {isa = PBXBuildFile; fileRef = 27C9D32518AE149B0070C697 /* DataManager.m */; };
		27C9D33318AE5C3E0070C697 /* noAvatar.jpg in Resources */ = {isa = PBXBuildFile; fileRef = 27C9D33218AE5C3E0070C697 /* noAvatar.jpg */; };
		27E64866188831E0003FA9C6 /* Player.m in Sources */ = {isa = PBXBuildFile; fileRef = 27E64865188831E0003FA9C6 /* Player.m */; };
		27ECBEEF18A39DAC008FF741 /* base64.c in Sources */ = {isa = PBXBuildFile; fileRef = 27ECBEE818A39DAC008FF741 /* base64.c */; };
		27ECBEF018A39DAC008FF741 /* NSData+SRB64Additions.m in Sources */ = {isa = PBXBuildFile; fileRef = 27ECBEEB18A39DAC008FF741 /* NSData+SRB64Additions.m */; };
		27ECBEF118A39DAC008FF741 /* SRWebSocket.m in Sources */ = {isa = PBXBuildFile; fileRef = 27ECBEEE18A39DAC008FF741 /* SRWebSocket.m */; };
		27ECBEF318A39DD5008FF741 /* libicucore.dylib in Frameworks */ = {isa = PBXBuildFile; fileRef = 27ECBEF218A39DD5008FF741 /* libicucore.dylib */; };
		27ECBEFA18A3A50A008FF741 /* Websocket.m in Sources */ = {isa = PBXBuildFile; fileRef = 27ECBEF918A3A50A008FF741 /* Websocket.m */; };
		27EFF3BA187E959A005DE689 /* Foundation.framework in Frameworks */ = {isa = PBXBuildFile; fileRef = 27EFF3B9187E959A005DE689 /* Foundation.framework */; };
		27EFF3BC187E959A005DE689 /* CoreGraphics.framework in Frameworks */ = {isa = PBXBuildFile; fileRef = 27EFF3BB187E959A005DE689 /* CoreGraphics.framework */; };
		27EFF3BE187E959A005DE689 /* UIKit.framework in Frameworks */ = {isa = PBXBuildFile; fileRef = 27EFF3BD187E959A005DE689 /* UIKit.framework */; };
		27EFF3C4187E959A005DE689 /* InfoPlist.strings in Resources */ = {isa = PBXBuildFile; fileRef = 27EFF3C2187E959A005DE689 /* InfoPlist.strings */; };
		27EFF3C6187E959A005DE689 /* main.m in Sources */ = {isa = PBXBuildFile; fileRef = 27EFF3C5187E959A005DE689 /* main.m */; };
		27EFF3CA187E959A005DE689 /* AppDelegate.m in Sources */ = {isa = PBXBuildFile; fileRef = 27EFF3C9187E959A005DE689 /* AppDelegate.m */; };
		27EFF3CD187E959A005DE689 /* Main_iPhone.storyboard in Resources */ = {isa = PBXBuildFile; fileRef = 27EFF3CB187E959A005DE689 /* Main_iPhone.storyboard */; };
		27EFF3D0187E959B005DE689 /* Main_iPad.storyboard in Resources */ = {isa = PBXBuildFile; fileRef = 27EFF3CE187E959B005DE689 /* Main_iPad.storyboard */; };
		27EFF3D3187E959B005DE689 /* FirstViewController.m in Sources */ = {isa = PBXBuildFile; fileRef = 27EFF3D2187E959B005DE689 /* FirstViewController.m */; };
		27EFF3D6187E959B005DE689 /* SecondViewController.m in Sources */ = {isa = PBXBuildFile; fileRef = 27EFF3D5187E959B005DE689 /* SecondViewController.m */; };
		27EFF3D8187E959B005DE689 /* Images.xcassets in Resources */ = {isa = PBXBuildFile; fileRef = 27EFF3D7187E959B005DE689 /* Images.xcassets */; };
		27EFF3DF187E959B005DE689 /* XCTest.framework in Frameworks */ = {isa = PBXBuildFile; fileRef = 27EFF3DE187E959B005DE689 /* XCTest.framework */; };
		27EFF3E0187E959B005DE689 /* Foundation.framework in Frameworks */ = {isa = PBXBuildFile; fileRef = 27EFF3B9187E959A005DE689 /* Foundation.framework */; };
		27EFF3E1187E959B005DE689 /* UIKit.framework in Frameworks */ = {isa = PBXBuildFile; fileRef = 27EFF3BD187E959A005DE689 /* UIKit.framework */; };
		27EFF3E9187E959B005DE689 /* InfoPlist.strings in Resources */ = {isa = PBXBuildFile; fileRef = 27EFF3E7187E959B005DE689 /* InfoPlist.strings */; };
		27EFF3EB187E959B005DE689 /* TudorGameTests.m in Sources */ = {isa = PBXBuildFile; fileRef = 27EFF3EA187E959B005DE689 /* TudorGameTests.m */; };
		27EFF3F6187E9C98005DE689 /* TGameViewController.m in Sources */ = {isa = PBXBuildFile; fileRef = 27EFF3F5187E9C98005DE689 /* TGameViewController.m */; };
		27EFF3F9187E9D07005DE689 /* TLobbyViewController.m in Sources */ = {isa = PBXBuildFile; fileRef = 27EFF3F8187E9D07005DE689 /* TLobbyViewController.m */; };
		27EFF3FC187E9D9A005DE689 /* TDeckViewController.m in Sources */ = {isa = PBXBuildFile; fileRef = 27EFF3FB187E9D9A005DE689 /* TDeckViewController.m */; };
		27EFF40C187EA268005DE689 /* TMenuButton.m in Sources */ = {isa = PBXBuildFile; fileRef = 27EFF40B187EA268005DE689 /* TMenuButton.m */; };
		27EFF431187EA9F4005DE689 /* AVFoundation.framework in Frameworks */ = {isa = PBXBuildFile; fileRef = 27EFF430187EA9F4005DE689 /* AVFoundation.framework */; };
		27EFF433187EA9FE005DE689 /* CoreMedia.framework in Frameworks */ = {isa = PBXBuildFile; fileRef = 27EFF432187EA9FE005DE689 /* CoreMedia.framework */; };
		27EFF435187EAA05005DE689 /* CoreVideo.framework in Frameworks */ = {isa = PBXBuildFile; fileRef = 27EFF434187EAA05005DE689 /* CoreVideo.framework */; };
		27EFF437187EAA0B005DE689 /* QuartzCore.framework in Frameworks */ = {isa = PBXBuildFile; fileRef = 27EFF436187EAA0B005DE689 /* QuartzCore.framework */; };
		27EFF43C187EABDD005DE689 /* TProductViewController.m in Sources */ = {isa = PBXBuildFile; fileRef = 27EFF43B187EABDD005DE689 /* TProductViewController.m */; };
		27EFF43F187EB0AE005DE689 /* ImageIO.framework in Frameworks */ = {isa = PBXBuildFile; fileRef = 27EFF43E187EB0AE005DE689 /* ImageIO.framework */; };
		27EFF6EB187EB997005DE689 /* Product.m in Sources */ = {isa = PBXBuildFile; fileRef = 27EFF6EA187EB997005DE689 /* Product.m */; };
		27EFF6ED187ED095005DE689 /* EANCodes.plist in Resources */ = {isa = PBXBuildFile; fileRef = 27EFF6EC187ED095005DE689 /* EANCodes.plist */; };
/* End PBXBuildFile section */

/* Begin PBXContainerItemProxy section */
		27388B5D1887DF660083512D /* PBXContainerItemProxy */ = {
			isa = PBXContainerItemProxy;
			containerPortal = 27388B561887DF660083512D /* RestKit.xcodeproj */;
			proxyType = 2;
			remoteGlobalIDString = 25160D1614564E810060A5C5;
			remoteInfo = RestKit;
		};
		27388B5F1887DF660083512D /* PBXContainerItemProxy */ = {
			isa = PBXContainerItemProxy;
			containerPortal = 27388B561887DF660083512D /* RestKit.xcodeproj */;
			proxyType = 2;
			remoteGlobalIDString = 25160D2614564E820060A5C5;
			remoteInfo = RestKitTests;
		};
		27388B611887DF660083512D /* PBXContainerItemProxy */ = {
			isa = PBXContainerItemProxy;
			containerPortal = 27388B561887DF660083512D /* RestKit.xcodeproj */;
			proxyType = 2;
			remoteGlobalIDString = 25160E62145651060060A5C5;
			remoteInfo = RestKitFramework;
		};
		27388B631887DF660083512D /* PBXContainerItemProxy */ = {
			isa = PBXContainerItemProxy;
			containerPortal = 27388B561887DF660083512D /* RestKit.xcodeproj */;
			proxyType = 2;
			remoteGlobalIDString = 25160E78145651060060A5C5;
			remoteInfo = RestKitFrameworkTests;
		};
		27388B671887E0450083512D /* PBXContainerItemProxy */ = {
			isa = PBXContainerItemProxy;
			containerPortal = 27388B561887DF660083512D /* RestKit.xcodeproj */;
			proxyType = 1;
			remoteGlobalIDString = 25160E61145651060060A5C5;
			remoteInfo = RestKitFramework;
		};
		27EFF3E2187E959B005DE689 /* PBXContainerItemProxy */ = {
			isa = PBXContainerItemProxy;
			containerPortal = 27EFF3AE187E959A005DE689 /* Project object */;
			proxyType = 1;
			remoteGlobalIDString = 27EFF3B5187E959A005DE689;
			remoteInfo = TudorGame;
		};
/* End PBXContainerItemProxy section */

/* Begin PBXFileReference section */
		27008B9418AA199000432BC2 /* CardGenerator.h */ = {isa = PBXFileReference; fileEncoding = 4; lastKnownFileType = sourcecode.c.h; path = CardGenerator.h; sourceTree = "<group>"; };
		27008B9518AA199000432BC2 /* CardGenerator.m */ = {isa = PBXFileReference; fileEncoding = 4; lastKnownFileType = sourcecode.c.objc; path = CardGenerator.m; sourceTree = "<group>"; };
		27008BA218AA28AE00432BC2 /* TOverviewCardViewController.h */ = {isa = PBXFileReference; fileEncoding = 4; lastKnownFileType = sourcecode.c.h; path = TOverviewCardViewController.h; sourceTree = "<group>"; };
		27008BA318AA28AE00432BC2 /* TOverviewCardViewController.m */ = {isa = PBXFileReference; fileEncoding = 4; lastKnownFileType = sourcecode.c.objc; path = TOverviewCardViewController.m; sourceTree = "<group>"; };
		27008BA418AA28AF00432BC2 /* TOverviewCardViewController.xib */ = {isa = PBXFileReference; fileEncoding = 4; lastKnownFileType = file.xib; path = TOverviewCardViewController.xib; sourceTree = "<group>"; };
		27008C1618C786BC00E801CE /* UserCoreData.xcdatamodel */ = {isa = PBXFileReference; lastKnownFileType = wrapper.xcdatamodel; path = UserCoreData.xcdatamodel; sourceTree = "<group>"; };
		272AB6A218B2A9020093BA10 /* arrowdown.png */ = {isa = PBXFileReference; lastKnownFileType = image.png; path = arrowdown.png; sourceTree = "<group>"; };
		272AB6A318B2A9020093BA10 /* arrowup.png */ = {isa = PBXFileReference; lastKnownFileType = image.png; path = arrowup.png; sourceTree = "<group>"; };
		272D1A761889206800545543 /* TLogInViewController.h */ = {isa = PBXFileReference; fileEncoding = 4; lastKnownFileType = sourcecode.c.h; path = TLogInViewController.h; sourceTree = "<group>"; };
		272D1A771889206800545543 /* TLogInViewController.m */ = {isa = PBXFileReference; fileEncoding = 4; lastKnownFileType = sourcecode.c.objc; path = TLogInViewController.m; sourceTree = "<group>"; };
		272D3B161897D40800236EBB /* TDetailCardViewController.h */ = {isa = PBXFileReference; fileEncoding = 4; lastKnownFileType = sourcecode.c.h; path = TDetailCardViewController.h; sourceTree = "<group>"; };
		272D3B171897D40800236EBB /* TDetailCardViewController.m */ = {isa = PBXFileReference; fileEncoding = 4; lastKnownFileType = sourcecode.c.objc; path = TDetailCardViewController.m; sourceTree = "<group>"; };
		272D3B181897D40800236EBB /* TDetailCardViewController.xib */ = {isa = PBXFileReference; fileEncoding = 4; lastKnownFileType = file.xib; path = TDetailCardViewController.xib; sourceTree = "<group>"; };
		272E6EB118ACF58A00869EA1 /* Opponent.h */ = {isa = PBXFileReference; fileEncoding = 4; lastKnownFileType = sourcecode.c.h; path = Opponent.h; sourceTree = "<group>"; };
		272E6EB218ACF58A00869EA1 /* Opponent.m */ = {isa = PBXFileReference; fileEncoding = 4; lastKnownFileType = sourcecode.c.objc; path = Opponent.m; sourceTree = "<group>"; };
		27388B4C1887DD0F0083512D /* CoreData.framework */ = {isa = PBXFileReference; lastKnownFileType = wrapper.framework; name = CoreData.framework; path = System/Library/Frameworks/CoreData.framework; sourceTree = SDKROOT; };
		27388B4E1887DD180083512D /* MobileCoreServices.framework */ = {isa = PBXFileReference; lastKnownFileType = wrapper.framework; name = MobileCoreServices.framework; path = System/Library/Frameworks/MobileCoreServices.framework; sourceTree = SDKROOT; };
		27388B501887DD280083512D /* Security.framework */ = {isa = PBXFileReference; lastKnownFileType = wrapper.framework; name = Security.framework; path = System/Library/Frameworks/Security.framework; sourceTree = SDKROOT; };
		27388B521887DD2F0083512D /* SystemConfiguration.framework */ = {isa = PBXFileReference; lastKnownFileType = wrapper.framework; name = SystemConfiguration.framework; path = System/Library/Frameworks/SystemConfiguration.framework; sourceTree = SDKROOT; };
		27388B561887DF660083512D /* RestKit.xcodeproj */ = {isa = PBXFileReference; lastKnownFileType = "wrapper.pb-project"; name = RestKit.xcodeproj; path = RestKit/RestKit.xcodeproj; sourceTree = "<group>"; };
		273F8C4818858A8C0085E6E7 /* CFNetwork.framework */ = {isa = PBXFileReference; lastKnownFileType = wrapper.framework; name = CFNetwork.framework; path = System/Library/Frameworks/CFNetwork.framework; sourceTree = SDKROOT; };
		273F8C4A18858AD80085E6E7 /* libxml2.dylib */ = {isa = PBXFileReference; lastKnownFileType = "compiled.mach-o.dylib"; name = libxml2.dylib; path = usr/lib/libxml2.dylib; sourceTree = SDKROOT; };
		275D38F018899342006A0CCE /* TCardCollectionViewCell.h */ = {isa = PBXFileReference; fileEncoding = 4; lastKnownFileType = sourcecode.c.h; path = TCardCollectionViewCell.h; sourceTree = "<group>"; };
		275D38F118899342006A0CCE /* TCardCollectionViewCell.m */ = {isa = PBXFileReference; fileEncoding = 4; lastKnownFileType = sourcecode.c.objc; path = TCardCollectionViewCell.m; sourceTree = "<group>"; };
		2769CAE6188ECFAD00824DAF /* SHACode.h */ = {isa = PBXFileReference; fileEncoding = 4; lastKnownFileType = sourcecode.c.h; path = SHACode.h; sourceTree = "<group>"; };
		2769CAE7188ECFAD00824DAF /* SHACode.m */ = {isa = PBXFileReference; fileEncoding = 4; lastKnownFileType = sourcecode.c.objc; path = SHACode.m; sourceTree = "<group>"; };
		2769CAE9188ED0BD00824DAF /* libcommonCrypto.dylib */ = {isa = PBXFileReference; lastKnownFileType = "compiled.mach-o.dylib"; name = libcommonCrypto.dylib; path = usr/lib/system/libcommonCrypto.dylib; sourceTree = SDKROOT; };
		2771FD3518B0C3C100974C64 /* emptyField.png */ = {isa = PBXFileReference; lastKnownFileType = image.png; path = emptyField.png; sourceTree = "<group>"; };
		2771FD3718B14FA100974C64 /* sword.png */ = {isa = PBXFileReference; lastKnownFileType = image.png; path = sword.png; sourceTree = "<group>"; };
		2771FD3918B14FAA00974C64 /* heart.png */ = {isa = PBXFileReference; lastKnownFileType = image.png; path = heart.png; sourceTree = "<group>"; };
		2771FD3A18B14FAA00974C64 /* shield.png */ = {isa = PBXFileReference; lastKnownFileType = image.png; path = shield.png; sourceTree = "<group>"; };
		2781D87A18928F55002366EB /* Nutritive.h */ = {isa = PBXFileReference; fileEncoding = 4; lastKnownFileType = sourcecode.c.h; path = Nutritive.h; sourceTree = "<group>"; };
		2781D87B18928F55002366EB /* Nutritive.m */ = {isa = PBXFileReference; fileEncoding = 4; lastKnownFileType = sourcecode.c.objc; path = Nutritive.m; sourceTree = "<group>"; };
		2798350118AB703A002CC890 /* nopic.png */ = {isa = PBXFileReference; lastKnownFileType = image.png; path = nopic.png; sourceTree = "<group>"; };
		2798350B18AB789E002CC890 /* cardback.jpg */ = {isa = PBXFileReference; lastKnownFileType = image.jpeg; path = cardback.jpg; sourceTree = "<group>"; };
		2798350E18AB7923002CC890 /* TGameManager.h */ = {isa = PBXFileReference; fileEncoding = 4; lastKnownFileType = sourcecode.c.h; path = TGameManager.h; sourceTree = "<group>"; };
		2798350F18AB7923002CC890 /* TGameManager.m */ = {isa = PBXFileReference; fileEncoding = 4; lastKnownFileType = sourcecode.c.objc; path = TGameManager.m; sourceTree = "<group>"; };
		2798351718ABB1C8002CC890 /* carddeck.jpg */ = {isa = PBXFileReference; lastKnownFileType = image.jpeg; path = carddeck.jpg; sourceTree = "<group>"; };
		2798351C18ABD332002CC890 /* TCardField.h */ = {isa = PBXFileReference; fileEncoding = 4; lastKnownFileType = sourcecode.c.h; path = TCardField.h; sourceTree = "<group>"; };
		2798351D18ABD332002CC890 /* TCardField.m */ = {isa = PBXFileReference; fileEncoding = 4; lastKnownFileType = sourcecode.c.objc; path = TCardField.m; sourceTree = "<group>"; };
		27AC2CD918A25213002E1D01 /* UserData.h */ = {isa = PBXFileReference; fileEncoding = 4; lastKnownFileType = sourcecode.c.h; path = UserData.h; sourceTree = "<group>"; };
		27AC2CDA18A25213002E1D01 /* UserData.m */ = {isa = PBXFileReference; fileEncoding = 4; lastKnownFileType = sourcecode.c.objc; path = UserData.m; sourceTree = "<group>"; };
		27C0808A189A436900F4DE64 /* TNutritiveCell.h */ = {isa = PBXFileReference; fileEncoding = 4; lastKnownFileType = sourcecode.c.h; path = TNutritiveCell.h; sourceTree = "<group>"; };
		27C0808B189A436900F4DE64 /* TNutritiveCell.m */ = {isa = PBXFileReference; fileEncoding = 4; lastKnownFileType = sourcecode.c.objc; path = TNutritiveCell.m; sourceTree = "<group>"; };
		27C0808D189A437D00F4DE64 /* TNutritiveCell.xib */ = {isa = PBXFileReference; fileEncoding = 4; lastKnownFileType = file.xib; path = TNutritiveCell.xib; sourceTree = "<group>"; };
		27C08090189A4C6A00F4DE64 /* SpinnerView.h */ = {isa = PBXFileReference; fileEncoding = 4; lastKnownFileType = sourcecode.c.h; path = SpinnerView.h; sourceTree = "<group>"; };
		27C08091189A4C6A00F4DE64 /* SpinnerView.m */ = {isa = PBXFileReference; fileEncoding = 4; lastKnownFileType = sourcecode.c.objc; path = SpinnerView.m; sourceTree = "<group>"; };
		27C08096189A5F1100F4DE64 /* Game.h */ = {isa = PBXFileReference; fileEncoding = 4; lastKnownFileType = sourcecode.c.h; path = Game.h; sourceTree = "<group>"; };
		27C08097189A5F1100F4DE64 /* Game.m */ = {isa = PBXFileReference; fileEncoding = 4; lastKnownFileType = sourcecode.c.objc; path = Game.m; sourceTree = "<group>"; };
		27C195CC188990E900BE7B66 /* TUsersDeckViewController.h */ = {isa = PBXFileReference; fileEncoding = 4; lastKnownFileType = sourcecode.c.h; path = TUsersDeckViewController.h; sourceTree = "<group>"; };
		27C195CD188990E900BE7B66 /* TUsersDeckViewController.m */ = {isa = PBXFileReference; fileEncoding = 4; lastKnownFileType = sourcecode.c.objc; path = TUsersDeckViewController.m; sourceTree = "<group>"; };
		27C9D32418AE149B0070C697 /* DataManager.h */ = {isa = PBXFileReference; fileEncoding = 4; lastKnownFileType = sourcecode.c.h; path = DataManager.h; sourceTree = "<group>"; };
		27C9D32518AE149B0070C697 /* DataManager.m */ = {isa = PBXFileReference; fileEncoding = 4; lastKnownFileType = sourcecode.c.objc; path = DataManager.m; sourceTree = "<group>"; };
		27C9D33218AE5C3E0070C697 /* noAvatar.jpg */ = {isa = PBXFileReference; lastKnownFileType = image.jpeg; path = noAvatar.jpg; sourceTree = "<group>"; };
		27E64864188831E0003FA9C6 /* Player.h */ = {isa = PBXFileReference; fileEncoding = 4; lastKnownFileType = sourcecode.c.h; path = Player.h; sourceTree = "<group>"; };
		27E64865188831E0003FA9C6 /* Player.m */ = {isa = PBXFileReference; fileEncoding = 4; lastKnownFileType = sourcecode.c.objc; path = Player.m; sourceTree = "<group>"; };
		27ECBEE818A39DAC008FF741 /* base64.c */ = {isa = PBXFileReference; fileEncoding = 4; lastKnownFileType = sourcecode.c.c; path = base64.c; sourceTree = "<group>"; };
		27ECBEE918A39DAC008FF741 /* base64.h */ = {isa = PBXFileReference; fileEncoding = 4; lastKnownFileType = sourcecode.c.h; path = base64.h; sourceTree = "<group>"; };
		27ECBEEA18A39DAC008FF741 /* NSData+SRB64Additions.h */ = {isa = PBXFileReference; fileEncoding = 4; lastKnownFileType = sourcecode.c.h; path = "NSData+SRB64Additions.h"; sourceTree = "<group>"; };
		27ECBEEB18A39DAC008FF741 /* NSData+SRB64Additions.m */ = {isa = PBXFileReference; fileEncoding = 4; lastKnownFileType = sourcecode.c.objc; path = "NSData+SRB64Additions.m"; sourceTree = "<group>"; };
		27ECBEEC18A39DAC008FF741 /* SocketRocket-Prefix.pch */ = {isa = PBXFileReference; fileEncoding = 4; lastKnownFileType = sourcecode.c.h; path = "SocketRocket-Prefix.pch"; sourceTree = "<group>"; };
		27ECBEED18A39DAC008FF741 /* SRWebSocket.h */ = {isa = PBXFileReference; fileEncoding = 4; lastKnownFileType = sourcecode.c.h; path = SRWebSocket.h; sourceTree = "<group>"; };
		27ECBEEE18A39DAC008FF741 /* SRWebSocket.m */ = {isa = PBXFileReference; fileEncoding = 4; lastKnownFileType = sourcecode.c.objc; path = SRWebSocket.m; sourceTree = "<group>"; };
		27ECBEF218A39DD5008FF741 /* libicucore.dylib */ = {isa = PBXFileReference; lastKnownFileType = "compiled.mach-o.dylib"; name = libicucore.dylib; path = usr/lib/libicucore.dylib; sourceTree = SDKROOT; };
		27ECBEF818A3A50A008FF741 /* Websocket.h */ = {isa = PBXFileReference; fileEncoding = 4; lastKnownFileType = sourcecode.c.h; path = Websocket.h; sourceTree = "<group>"; };
		27ECBEF918A3A50A008FF741 /* Websocket.m */ = {isa = PBXFileReference; fileEncoding = 4; lastKnownFileType = sourcecode.c.objc; path = Websocket.m; sourceTree = "<group>"; };
		27EFF3B6187E959A005DE689 /* TudorGame.app */ = {isa = PBXFileReference; explicitFileType = wrapper.application; includeInIndex = 0; path = TudorGame.app; sourceTree = BUILT_PRODUCTS_DIR; };
		27EFF3B9187E959A005DE689 /* Foundation.framework */ = {isa = PBXFileReference; lastKnownFileType = wrapper.framework; name = Foundation.framework; path = System/Library/Frameworks/Foundation.framework; sourceTree = SDKROOT; };
		27EFF3BB187E959A005DE689 /* CoreGraphics.framework */ = {isa = PBXFileReference; lastKnownFileType = wrapper.framework; name = CoreGraphics.framework; path = System/Library/Frameworks/CoreGraphics.framework; sourceTree = SDKROOT; };
		27EFF3BD187E959A005DE689 /* UIKit.framework */ = {isa = PBXFileReference; lastKnownFileType = wrapper.framework; name = UIKit.framework; path = System/Library/Frameworks/UIKit.framework; sourceTree = SDKROOT; };
		27EFF3C1187E959A005DE689 /* TudorGame-Info.plist */ = {isa = PBXFileReference; lastKnownFileType = text.plist.xml; path = "TudorGame-Info.plist"; sourceTree = "<group>"; };
		27EFF3C3187E959A005DE689 /* en */ = {isa = PBXFileReference; lastKnownFileType = text.plist.strings; name = en; path = en.lproj/InfoPlist.strings; sourceTree = "<group>"; };
		27EFF3C5187E959A005DE689 /* main.m */ = {isa = PBXFileReference; lastKnownFileType = sourcecode.c.objc; path = main.m; sourceTree = "<group>"; };
		27EFF3C7187E959A005DE689 /* TudorGame-Prefix.pch */ = {isa = PBXFileReference; lastKnownFileType = sourcecode.c.h; path = "TudorGame-Prefix.pch"; sourceTree = "<group>"; };
		27EFF3C8187E959A005DE689 /* AppDelegate.h */ = {isa = PBXFileReference; lastKnownFileType = sourcecode.c.h; path = AppDelegate.h; sourceTree = "<group>"; };
		27EFF3C9187E959A005DE689 /* AppDelegate.m */ = {isa = PBXFileReference; lastKnownFileType = sourcecode.c.objc; path = AppDelegate.m; sourceTree = "<group>"; };
		27EFF3CC187E959A005DE689 /* Base */ = {isa = PBXFileReference; lastKnownFileType = file.storyboard; name = Base; path = Base.lproj/Main_iPhone.storyboard; sourceTree = "<group>"; };
		27EFF3CF187E959B005DE689 /* Base */ = {isa = PBXFileReference; lastKnownFileType = file.storyboard; name = Base; path = Base.lproj/Main_iPad.storyboard; sourceTree = "<group>"; };
		27EFF3D1187E959B005DE689 /* FirstViewController.h */ = {isa = PBXFileReference; lastKnownFileType = sourcecode.c.h; path = FirstViewController.h; sourceTree = "<group>"; };
		27EFF3D2187E959B005DE689 /* FirstViewController.m */ = {isa = PBXFileReference; lastKnownFileType = sourcecode.c.objc; path = FirstViewController.m; sourceTree = "<group>"; };
		27EFF3D4187E959B005DE689 /* SecondViewController.h */ = {isa = PBXFileReference; lastKnownFileType = sourcecode.c.h; path = SecondViewController.h; sourceTree = "<group>"; };
		27EFF3D5187E959B005DE689 /* SecondViewController.m */ = {isa = PBXFileReference; lastKnownFileType = sourcecode.c.objc; path = SecondViewController.m; sourceTree = "<group>"; };
		27EFF3D7187E959B005DE689 /* Images.xcassets */ = {isa = PBXFileReference; lastKnownFileType = folder.assetcatalog; path = Images.xcassets; sourceTree = "<group>"; };
		27EFF3DD187E959B005DE689 /* TudorGameTests.xctest */ = {isa = PBXFileReference; explicitFileType = wrapper.cfbundle; includeInIndex = 0; path = TudorGameTests.xctest; sourceTree = BUILT_PRODUCTS_DIR; };
		27EFF3DE187E959B005DE689 /* XCTest.framework */ = {isa = PBXFileReference; lastKnownFileType = wrapper.framework; name = XCTest.framework; path = Library/Frameworks/XCTest.framework; sourceTree = DEVELOPER_DIR; };
		27EFF3E6187E959B005DE689 /* TudorGameTests-Info.plist */ = {isa = PBXFileReference; lastKnownFileType = text.plist.xml; path = "TudorGameTests-Info.plist"; sourceTree = "<group>"; };
		27EFF3E8187E959B005DE689 /* en */ = {isa = PBXFileReference; lastKnownFileType = text.plist.strings; name = en; path = en.lproj/InfoPlist.strings; sourceTree = "<group>"; };
		27EFF3EA187E959B005DE689 /* TudorGameTests.m */ = {isa = PBXFileReference; lastKnownFileType = sourcecode.c.objc; path = TudorGameTests.m; sourceTree = "<group>"; };
		27EFF3F4187E9C98005DE689 /* TGameViewController.h */ = {isa = PBXFileReference; fileEncoding = 4; lastKnownFileType = sourcecode.c.h; path = TGameViewController.h; sourceTree = "<group>"; };
		27EFF3F5187E9C98005DE689 /* TGameViewController.m */ = {isa = PBXFileReference; fileEncoding = 4; lastKnownFileType = sourcecode.c.objc; path = TGameViewController.m; sourceTree = "<group>"; };
		27EFF3F7187E9D07005DE689 /* TLobbyViewController.h */ = {isa = PBXFileReference; fileEncoding = 4; lastKnownFileType = sourcecode.c.h; path = TLobbyViewController.h; sourceTree = "<group>"; };
		27EFF3F8187E9D07005DE689 /* TLobbyViewController.m */ = {isa = PBXFileReference; fileEncoding = 4; lastKnownFileType = sourcecode.c.objc; path = TLobbyViewController.m; sourceTree = "<group>"; };
		27EFF3FA187E9D9A005DE689 /* TDeckViewController.h */ = {isa = PBXFileReference; fileEncoding = 4; lastKnownFileType = sourcecode.c.h; path = TDeckViewController.h; sourceTree = "<group>"; };
		27EFF3FB187E9D9A005DE689 /* TDeckViewController.m */ = {isa = PBXFileReference; fileEncoding = 4; lastKnownFileType = sourcecode.c.objc; path = TDeckViewController.m; sourceTree = "<group>"; };
		27EFF40A187EA268005DE689 /* TMenuButton.h */ = {isa = PBXFileReference; fileEncoding = 4; lastKnownFileType = sourcecode.c.h; path = TMenuButton.h; sourceTree = "<group>"; };
		27EFF40B187EA268005DE689 /* TMenuButton.m */ = {isa = PBXFileReference; fileEncoding = 4; lastKnownFileType = sourcecode.c.objc; path = TMenuButton.m; sourceTree = "<group>"; };
		27EFF430187EA9F4005DE689 /* AVFoundation.framework */ = {isa = PBXFileReference; lastKnownFileType = wrapper.framework; name = AVFoundation.framework; path = System/Library/Frameworks/AVFoundation.framework; sourceTree = SDKROOT; };
		27EFF432187EA9FE005DE689 /* CoreMedia.framework */ = {isa = PBXFileReference; lastKnownFileType = wrapper.framework; name = CoreMedia.framework; path = System/Library/Frameworks/CoreMedia.framework; sourceTree = SDKROOT; };
		27EFF434187EAA05005DE689 /* CoreVideo.framework */ = {isa = PBXFileReference; lastKnownFileType = wrapper.framework; name = CoreVideo.framework; path = System/Library/Frameworks/CoreVideo.framework; sourceTree = SDKROOT; };
		27EFF436187EAA0B005DE689 /* QuartzCore.framework */ = {isa = PBXFileReference; lastKnownFileType = wrapper.framework; name = QuartzCore.framework; path = System/Library/Frameworks/QuartzCore.framework; sourceTree = SDKROOT; };
		27EFF438187EAA27005DE689 /* libiconv.dylib */ = {isa = PBXFileReference; lastKnownFileType = "compiled.mach-o.dylib"; name = libiconv.dylib; path = usr/lib/libiconv.dylib; sourceTree = SDKROOT; };
		27EFF43A187EABDD005DE689 /* TProductViewController.h */ = {isa = PBXFileReference; fileEncoding = 4; lastKnownFileType = sourcecode.c.h; path = TProductViewController.h; sourceTree = "<group>"; };
		27EFF43B187EABDD005DE689 /* TProductViewController.m */ = {isa = PBXFileReference; fileEncoding = 4; lastKnownFileType = sourcecode.c.objc; path = TProductViewController.m; sourceTree = "<group>"; };
		27EFF43D187EADB4005DE689 /* AppSpecificValues.h */ = {isa = PBXFileReference; fileEncoding = 4; lastKnownFileType = sourcecode.c.h; path = AppSpecificValues.h; sourceTree = "<group>"; };
		27EFF43E187EB0AE005DE689 /* ImageIO.framework */ = {isa = PBXFileReference; lastKnownFileType = wrapper.framework; name = ImageIO.framework; path = System/Library/Frameworks/ImageIO.framework; sourceTree = SDKROOT; };
		27EFF6E9187EB997005DE689 /* Product.h */ = {isa = PBXFileReference; fileEncoding = 4; lastKnownFileType = sourcecode.c.h; path = Product.h; sourceTree = "<group>"; };
		27EFF6EA187EB997005DE689 /* Product.m */ = {isa = PBXFileReference; fileEncoding = 4; lastKnownFileType = sourcecode.c.objc; path = Product.m; sourceTree = "<group>"; };
		27EFF6EC187ED095005DE689 /* EANCodes.plist */ = {isa = PBXFileReference; fileEncoding = 4; lastKnownFileType = text.plist.xml; name = EANCodes.plist; path = ../EANCodes.plist; sourceTree = "<group>"; };
/* End PBXFileReference section */

/* Begin PBXFrameworksBuildPhase section */
		27EFF3B3187E959A005DE689 /* Frameworks */ = {
			isa = PBXFrameworksBuildPhase;
			buildActionMask = 2147483647;
			files = (
				27ECBEF318A39DD5008FF741 /* libicucore.dylib in Frameworks */,
				27388B511887DD280083512D /* Security.framework in Frameworks */,
				27388B661887DF880083512D /* libRestKit.a in Frameworks */,
				27388B551887DDDB0083512D /* libxml2.dylib in Frameworks */,
				27388B531887DD2F0083512D /* SystemConfiguration.framework in Frameworks */,
				27388B4F1887DD180083512D /* MobileCoreServices.framework in Frameworks */,
				273F8C4918858A8C0085E6E7 /* CFNetwork.framework in Frameworks */,
				27EFF43F187EB0AE005DE689 /* ImageIO.framework in Frameworks */,
				27EFF437187EAA0B005DE689 /* QuartzCore.framework in Frameworks */,
				27EFF435187EAA05005DE689 /* CoreVideo.framework in Frameworks */,
				27EFF433187EA9FE005DE689 /* CoreMedia.framework in Frameworks */,
				27EFF431187EA9F4005DE689 /* AVFoundation.framework in Frameworks */,
				27EFF3BC187E959A005DE689 /* CoreGraphics.framework in Frameworks */,
				27EFF3BE187E959A005DE689 /* UIKit.framework in Frameworks */,
				27EFF3BA187E959A005DE689 /* Foundation.framework in Frameworks */,
				27388B4D1887DD0F0083512D /* CoreData.framework in Frameworks */,
			);
			runOnlyForDeploymentPostprocessing = 0;
		};
		27EFF3DA187E959B005DE689 /* Frameworks */ = {
			isa = PBXFrameworksBuildPhase;
			buildActionMask = 2147483647;
			files = (
				27EFF3DF187E959B005DE689 /* XCTest.framework in Frameworks */,
				27EFF3E1187E959B005DE689 /* UIKit.framework in Frameworks */,
				27EFF3E0187E959B005DE689 /* Foundation.framework in Frameworks */,
			);
			runOnlyForDeploymentPostprocessing = 0;
		};
/* End PBXFrameworksBuildPhase section */

/* Begin PBXGroup section */
		27008B9C18AA1BF700432BC2 /* CardManaging */ = {
			isa = PBXGroup;
			children = (
				272D3B161897D40800236EBB /* TDetailCardViewController.h */,
				272D3B171897D40800236EBB /* TDetailCardViewController.m */,
				272D3B181897D40800236EBB /* TDetailCardViewController.xib */,
				27008B9418AA199000432BC2 /* CardGenerator.h */,
				27008B9518AA199000432BC2 /* CardGenerator.m */,
				27008BA218AA28AE00432BC2 /* TOverviewCardViewController.h */,
				27008BA318AA28AE00432BC2 /* TOverviewCardViewController.m */,
				27008BA418AA28AF00432BC2 /* TOverviewCardViewController.xib */,
			);
			name = CardManaging;
			sourceTree = "<group>";
		};
		27288E7B18A23EEE008B4430 /* CoreData */ = {
			isa = PBXGroup;
			children = (
				27AC2CD918A25213002E1D01 /* UserData.h */,
				27AC2CDA18A25213002E1D01 /* UserData.m */,
				27008C1518C786BC00E801CE /* UserCoreData.xcdatamodeld */,
			);
			name = CoreData;
			sourceTree = "<group>";
		};
		27388B571887DF660083512D /* Products */ = {
			isa = PBXGroup;
			children = (
				27388B5E1887DF660083512D /* libRestKit.a */,
				27388B601887DF660083512D /* RestKitTests.octest */,
				27388B621887DF660083512D /* RestKit.framework */,
				27388B641887DF660083512D /* RestKitFrameworkTests.octest */,
			);
			name = Products;
			sourceTree = "<group>";
		};
		275D38EC18899322006A0CCE /* CollectionViewCells */ = {
			isa = PBXGroup;
			children = (
				275D38F018899342006A0CCE /* TCardCollectionViewCell.h */,
				275D38F118899342006A0CCE /* TCardCollectionViewCell.m */,
			);
			name = CollectionViewCells;
			sourceTree = "<group>";
		};
		2769CAE2188ECF9300824DAF /* Toolbox */ = {
			isa = PBXGroup;
			children = (
				27EFF43D187EADB4005DE689 /* AppSpecificValues.h */,
				27EFF6EC187ED095005DE689 /* EANCodes.plist */,
				2769CAE6188ECFAD00824DAF /* SHACode.h */,
				2769CAE7188ECFAD00824DAF /* SHACode.m */,
			);
			name = Toolbox;
			sourceTree = "<group>";
		};
		2781D87918928F2A002366EB /* DataManaging */ = {
			isa = PBXGroup;
			children = (
				27E64864188831E0003FA9C6 /* Player.h */,
				27E64865188831E0003FA9C6 /* Player.m */,
				27EFF6E9187EB997005DE689 /* Product.h */,
				27EFF6EA187EB997005DE689 /* Product.m */,
				2781D87A18928F55002366EB /* Nutritive.h */,
				2781D87B18928F55002366EB /* Nutritive.m */,
				27C08096189A5F1100F4DE64 /* Game.h */,
				27C08097189A5F1100F4DE64 /* Game.m */,
				272E6EB118ACF58A00869EA1 /* Opponent.h */,
				272E6EB218ACF58A00869EA1 /* Opponent.m */,
				27C9D32418AE149B0070C697 /* DataManager.h */,
				27C9D32518AE149B0070C697 /* DataManager.m */,
			);
			name = DataManaging;
			sourceTree = "<group>";
		};
		278EE8631897A117003FEBC2 /* Views */ = {
			isa = PBXGroup;
			children = (
				27C08090189A4C6A00F4DE64 /* SpinnerView.h */,
				27C08091189A4C6A00F4DE64 /* SpinnerView.m */,
			);
			name = Views;
			sourceTree = "<group>";
		};
		279834F518AB6CE5002CC890 /* PlayingField */ = {
			isa = PBXGroup;
			children = (
				2798351C18ABD332002CC890 /* TCardField.h */,
				2798351D18ABD332002CC890 /* TCardField.m */,
			);
			name = PlayingField;
			sourceTree = "<group>";
		};
		2798350A18AB7814002CC890 /* Assets */ = {
			isa = PBXGroup;
			children = (
				272AB6A218B2A9020093BA10 /* arrowdown.png */,
				272AB6A318B2A9020093BA10 /* arrowup.png */,
				2771FD3918B14FAA00974C64 /* heart.png */,
				2771FD3A18B14FAA00974C64 /* shield.png */,
				2771FD3718B14FA100974C64 /* sword.png */,
				2771FD3518B0C3C100974C64 /* emptyField.png */,
				27C9D33218AE5C3E0070C697 /* noAvatar.jpg */,
				2798351718ABB1C8002CC890 /* carddeck.jpg */,
				2798350B18AB789E002CC890 /* cardback.jpg */,
				2798350118AB703A002CC890 /* nopic.png */,
			);
			name = Assets;
			sourceTree = "<group>";
		};
		2798350D18AB790B002CC890 /* GameManaging */ = {
			isa = PBXGroup;
			children = (
				279834F518AB6CE5002CC890 /* PlayingField */,
				2798350E18AB7923002CC890 /* TGameManager.h */,
				2798350F18AB7923002CC890 /* TGameManager.m */,
			);
			name = GameManaging;
			sourceTree = "<group>";
		};
		27C08086189A434800F4DE64 /* TableViewCells */ = {
			isa = PBXGroup;
			children = (
				27C0808A189A436900F4DE64 /* TNutritiveCell.h */,
				27C0808B189A436900F4DE64 /* TNutritiveCell.m */,
				27C0808D189A437D00F4DE64 /* TNutritiveCell.xib */,
			);
			name = TableViewCells;
			sourceTree = "<group>";
		};
		27C0808F189A4BB100F4DE64 /* GameViewController */ = {
			isa = PBXGroup;
			children = (
				27EFF3F7187E9D07005DE689 /* TLobbyViewController.h */,
				27EFF3F8187E9D07005DE689 /* TLobbyViewController.m */,
				27EFF3F4187E9C98005DE689 /* TGameViewController.h */,
				27EFF3F5187E9C98005DE689 /* TGameViewController.m */,
				27EFF3D4187E959B005DE689 /* SecondViewController.h */,
				27EFF3D5187E959B005DE689 /* SecondViewController.m */,
			);
			name = GameViewController;
			sourceTree = "<group>";
		};
		27C08093189A5E6E00F4DE64 /* Buttons */ = {
			isa = PBXGroup;
			children = (
				27EFF40A187EA268005DE689 /* TMenuButton.h */,
				27EFF40B187EA268005DE689 /* TMenuButton.m */,
			);
			name = Buttons;
			sourceTree = "<group>";
		};
		27C08094189A5EBF00F4DE64 /* AppDelegate */ = {
			isa = PBXGroup;
			children = (
				27EFF3C8187E959A005DE689 /* AppDelegate.h */,
				27EFF3C9187E959A005DE689 /* AppDelegate.m */,
			);
			name = AppDelegate;
			sourceTree = "<group>";
		};
		27C08095189A5ED600F4DE64 /* Storyboards */ = {
			isa = PBXGroup;
			children = (
				27EFF3CB187E959A005DE689 /* Main_iPhone.storyboard */,
				27EFF3CE187E959B005DE689 /* Main_iPad.storyboard */,
			);
			name = Storyboards;
			sourceTree = "<group>";
		};
		27C08099189A636900F4DE64 /* CardViewController */ = {
			isa = PBXGroup;
			children = (
				27C195CC188990E900BE7B66 /* TUsersDeckViewController.h */,
				27C195CD188990E900BE7B66 /* TUsersDeckViewController.m */,
				27EFF3FA187E9D9A005DE689 /* TDeckViewController.h */,
				27EFF3FB187E9D9A005DE689 /* TDeckViewController.m */,
			);
			name = CardViewController;
			sourceTree = "<group>";
		};
		27ECBEE418A39D97008FF741 /* SocketRocket */ = {
			isa = PBXGroup;
			children = (
				27ECBEE818A39DAC008FF741 /* base64.c */,
				27ECBEE918A39DAC008FF741 /* base64.h */,
				27ECBEEA18A39DAC008FF741 /* NSData+SRB64Additions.h */,
				27ECBEEB18A39DAC008FF741 /* NSData+SRB64Additions.m */,
				27ECBEEC18A39DAC008FF741 /* SocketRocket-Prefix.pch */,
				27ECBEED18A39DAC008FF741 /* SRWebSocket.h */,
				27ECBEEE18A39DAC008FF741 /* SRWebSocket.m */,
			);
			name = SocketRocket;
			sourceTree = "<group>";
		};
		27ECBEF418A3A4AB008FF741 /* Websocket */ = {
			isa = PBXGroup;
			children = (
				27ECBEF818A3A50A008FF741 /* Websocket.h */,
				27ECBEF918A3A50A008FF741 /* Websocket.m */,
			);
			name = Websocket;
			sourceTree = "<group>";
		};
		27EFF3AD187E959A005DE689 = {
			isa = PBXGroup;
			children = (
				27388B561887DF660083512D /* RestKit.xcodeproj */,
				27EFF3BF187E959A005DE689 /* TudorGame */,
				27EFF3E4187E959B005DE689 /* TudorGameTests */,
				27EFF3B8187E959A005DE689 /* Frameworks */,
				27EFF3B7187E959A005DE689 /* Products */,
			);
			sourceTree = "<group>";
		};
		27EFF3B7187E959A005DE689 /* Products */ = {
			isa = PBXGroup;
			children = (
				27EFF3B6187E959A005DE689 /* TudorGame.app */,
				27EFF3DD187E959B005DE689 /* TudorGameTests.xctest */,
			);
			name = Products;
			sourceTree = "<group>";
		};
		27EFF3B8187E959A005DE689 /* Frameworks */ = {
			isa = PBXGroup;
			children = (
				27ECBEF218A39DD5008FF741 /* libicucore.dylib */,
				2769CAE9188ED0BD00824DAF /* libcommonCrypto.dylib */,
				27388B521887DD2F0083512D /* SystemConfiguration.framework */,
				27388B501887DD280083512D /* Security.framework */,
				27388B4E1887DD180083512D /* MobileCoreServices.framework */,
				27388B4C1887DD0F0083512D /* CoreData.framework */,
				273F8C4A18858AD80085E6E7 /* libxml2.dylib */,
				273F8C4818858A8C0085E6E7 /* CFNetwork.framework */,
				27EFF43E187EB0AE005DE689 /* ImageIO.framework */,
				27EFF438187EAA27005DE689 /* libiconv.dylib */,
				27EFF436187EAA0B005DE689 /* QuartzCore.framework */,
				27EFF434187EAA05005DE689 /* CoreVideo.framework */,
				27EFF432187EA9FE005DE689 /* CoreMedia.framework */,
				27EFF430187EA9F4005DE689 /* AVFoundation.framework */,
				27EFF3B9187E959A005DE689 /* Foundation.framework */,
				27EFF3BB187E959A005DE689 /* CoreGraphics.framework */,
				27EFF3BD187E959A005DE689 /* UIKit.framework */,
				27EFF3DE187E959B005DE689 /* XCTest.framework */,
			);
			name = Frameworks;
			sourceTree = "<group>";
		};
		27EFF3BF187E959A005DE689 /* TudorGame */ = {
			isa = PBXGroup;
			children = (
				2798350D18AB790B002CC890 /* GameManaging */,
				2798350A18AB7814002CC890 /* Assets */,
				27008B9C18AA1BF700432BC2 /* CardManaging */,
				27ECBEF418A3A4AB008FF741 /* Websocket */,
				27ECBEE418A39D97008FF741 /* SocketRocket */,
				27288E7B18A23EEE008B4430 /* CoreData */,
				27C08095189A5ED600F4DE64 /* Storyboards */,
				27C08094189A5EBF00F4DE64 /* AppDelegate */,
				27C08093189A5E6E00F4DE64 /* Buttons */,
				27C08086189A434800F4DE64 /* TableViewCells */,
				278EE8631897A117003FEBC2 /* Views */,
				2781D87918928F2A002366EB /* DataManaging */,
				2769CAE2188ECF9300824DAF /* Toolbox */,
				275D38EC18899322006A0CCE /* CollectionViewCells */,
				27EFF409187EA242005DE689 /* ViewControllers */,
				27EFF3D7187E959B005DE689 /* Images.xcassets */,
				27EFF3C0187E959A005DE689 /* Supporting Files */,
			);
			path = TudorGame;
			sourceTree = "<group>";
		};
		27EFF3C0187E959A005DE689 /* Supporting Files */ = {
			isa = PBXGroup;
			children = (
				27EFF3C1187E959A005DE689 /* TudorGame-Info.plist */,
				27EFF3C2187E959A005DE689 /* InfoPlist.strings */,
				27EFF3C5187E959A005DE689 /* main.m */,
				27EFF3C7187E959A005DE689 /* TudorGame-Prefix.pch */,
			);
			name = "Supporting Files";
			sourceTree = "<group>";
		};
		27EFF3E4187E959B005DE689 /* TudorGameTests */ = {
			isa = PBXGroup;
			children = (
				27EFF3EA187E959B005DE689 /* TudorGameTests.m */,
				27EFF3E5187E959B005DE689 /* Supporting Files */,
			);
			path = TudorGameTests;
			sourceTree = "<group>";
		};
		27EFF3E5187E959B005DE689 /* Supporting Files */ = {
			isa = PBXGroup;
			children = (
				27EFF3E6187E959B005DE689 /* TudorGameTests-Info.plist */,
				27EFF3E7187E959B005DE689 /* InfoPlist.strings */,
			);
			name = "Supporting Files";
			sourceTree = "<group>";
		};
		27EFF409187EA242005DE689 /* ViewControllers */ = {
			isa = PBXGroup;
			children = (
				27C08099189A636900F4DE64 /* CardViewController */,
				27C0808F189A4BB100F4DE64 /* GameViewController */,
				27EFF43A187EABDD005DE689 /* TProductViewController.h */,
				27EFF43B187EABDD005DE689 /* TProductViewController.m */,
				272D1A761889206800545543 /* TLogInViewController.h */,
				272D1A771889206800545543 /* TLogInViewController.m */,
				27EFF3D1187E959B005DE689 /* FirstViewController.h */,
				27EFF3D2187E959B005DE689 /* FirstViewController.m */,
			);
			name = ViewControllers;
			sourceTree = "<group>";
		};
/* End PBXGroup section */

/* Begin PBXNativeTarget section */
		27EFF3B5187E959A005DE689 /* TudorGame */ = {
			isa = PBXNativeTarget;
			buildConfigurationList = 27EFF3EE187E959B005DE689 /* Build configuration list for PBXNativeTarget "TudorGame" */;
			buildPhases = (
				27EFF3B2187E959A005DE689 /* Sources */,
				27EFF3B3187E959A005DE689 /* Frameworks */,
				27EFF3B4187E959A005DE689 /* Resources */,
			);
			buildRules = (
			);
			dependencies = (
				27388B681887E0450083512D /* PBXTargetDependency */,
			);
			name = TudorGame;
			productName = TudorGame;
			productReference = 27EFF3B6187E959A005DE689 /* TudorGame.app */;
			productType = "com.apple.product-type.application";
		};
		27EFF3DC187E959B005DE689 /* TudorGameTests */ = {
			isa = PBXNativeTarget;
			buildConfigurationList = 27EFF3F1187E959B005DE689 /* Build configuration list for PBXNativeTarget "TudorGameTests" */;
			buildPhases = (
				27EFF3D9187E959B005DE689 /* Sources */,
				27EFF3DA187E959B005DE689 /* Frameworks */,
				27EFF3DB187E959B005DE689 /* Resources */,
			);
			buildRules = (
			);
			dependencies = (
				27EFF3E3187E959B005DE689 /* PBXTargetDependency */,
			);
			name = TudorGameTests;
			productName = TudorGameTests;
			productReference = 27EFF3DD187E959B005DE689 /* TudorGameTests.xctest */;
			productType = "com.apple.product-type.bundle.unit-test";
		};
/* End PBXNativeTarget section */

/* Begin PBXProject section */
		27EFF3AE187E959A005DE689 /* Project object */ = {
			isa = PBXProject;
			attributes = {
				LastUpgradeCheck = 0500;
				ORGANIZATIONNAME = "David Joerg";
				TargetAttributes = {
					27EFF3B5187E959A005DE689 = {
						DevelopmentTeam = 364S2LP6R8;
					};
					27EFF3DC187E959B005DE689 = {
						TestTargetID = 27EFF3B5187E959A005DE689;
					};
				};
			};
			buildConfigurationList = 27EFF3B1187E959A005DE689 /* Build configuration list for PBXProject "TudorGame" */;
			compatibilityVersion = "Xcode 3.2";
			developmentRegion = English;
			hasScannedForEncodings = 0;
			knownRegions = (
				en,
				Base,
			);
			mainGroup = 27EFF3AD187E959A005DE689;
			productRefGroup = 27EFF3B7187E959A005DE689 /* Products */;
			projectDirPath = "";
			projectReferences = (
				{
					ProductGroup = 27388B571887DF660083512D /* Products */;
					ProjectRef = 27388B561887DF660083512D /* RestKit.xcodeproj */;
				},
			);
			projectRoot = "";
			targets = (
				27EFF3B5187E959A005DE689 /* TudorGame */,
				27EFF3DC187E959B005DE689 /* TudorGameTests */,
			);
		};
/* End PBXProject section */

/* Begin PBXReferenceProxy section */
		27388B5E1887DF660083512D /* libRestKit.a */ = {
			isa = PBXReferenceProxy;
			fileType = archive.ar;
			path = libRestKit.a;
			remoteRef = 27388B5D1887DF660083512D /* PBXContainerItemProxy */;
			sourceTree = BUILT_PRODUCTS_DIR;
		};
		27388B601887DF660083512D /* RestKitTests.octest */ = {
			isa = PBXReferenceProxy;
			fileType = wrapper.cfbundle;
			path = RestKitTests.octest;
			remoteRef = 27388B5F1887DF660083512D /* PBXContainerItemProxy */;
			sourceTree = BUILT_PRODUCTS_DIR;
		};
		27388B621887DF660083512D /* RestKit.framework */ = {
			isa = PBXReferenceProxy;
			fileType = wrapper.framework;
			path = RestKit.framework;
			remoteRef = 27388B611887DF660083512D /* PBXContainerItemProxy */;
			sourceTree = BUILT_PRODUCTS_DIR;
		};
		27388B641887DF660083512D /* RestKitFrameworkTests.octest */ = {
			isa = PBXReferenceProxy;
			fileType = wrapper.cfbundle;
			path = RestKitFrameworkTests.octest;
			remoteRef = 27388B631887DF660083512D /* PBXContainerItemProxy */;
			sourceTree = BUILT_PRODUCTS_DIR;
		};
/* End PBXReferenceProxy section */

/* Begin PBXResourcesBuildPhase section */
		27EFF3B4187E959A005DE689 /* Resources */ = {
			isa = PBXResourcesBuildPhase;
			buildActionMask = 2147483647;
			files = (
				2798351818ABB1C8002CC890 /* carddeck.jpg in Resources */,
				27C0808E189A437D00F4DE64 /* TNutritiveCell.xib in Resources */,
				27EFF3D0187E959B005DE689 /* Main_iPad.storyboard in Resources */,
				2771FD3818B14FA100974C64 /* sword.png in Resources */,
				27008BA618AA28AF00432BC2 /* TOverviewCardViewController.xib in Resources */,
				27EFF3D8187E959B005DE689 /* Images.xcassets in Resources */,
				2771FD3C18B14FAA00974C64 /* shield.png in Resources */,
				27C9D33318AE5C3E0070C697 /* noAvatar.jpg in Resources */,
				272AB6A518B2A9020093BA10 /* arrowup.png in Resources */,
				2771FD3B18B14FAA00974C64 /* heart.png in Resources */,
				272AB6A418B2A9020093BA10 /* arrowdown.png in Resources */,
				27EFF3CD187E959A005DE689 /* Main_iPhone.storyboard in Resources */,
				2771FD3618B0C3C100974C64 /* emptyField.png in Resources */,
				2798350C18AB789E002CC890 /* cardback.jpg in Resources */,
				272D3B1A1897D40800236EBB /* TDetailCardViewController.xib in Resources */,
				2798350218AB703A002CC890 /* nopic.png in Resources */,
				27EFF3C4187E959A005DE689 /* InfoPlist.strings in Resources */,
				27EFF6ED187ED095005DE689 /* EANCodes.plist in Resources */,
			);
			runOnlyForDeploymentPostprocessing = 0;
		};
		27EFF3DB187E959B005DE689 /* Resources */ = {
			isa = PBXResourcesBuildPhase;
			buildActionMask = 2147483647;
			files = (
				27EFF3E9187E959B005DE689 /* InfoPlist.strings in Resources */,
			);
			runOnlyForDeploymentPostprocessing = 0;
		};
/* End PBXResourcesBuildPhase section */

/* Begin PBXSourcesBuildPhase section */
		27EFF3B2187E959A005DE689 /* Sources */ = {
			isa = PBXSourcesBuildPhase;
			buildActionMask = 2147483647;
			files = (
				27ECBEF018A39DAC008FF741 /* NSData+SRB64Additions.m in Sources */,
				27E64866188831E0003FA9C6 /* Player.m in Sources */,
				2798351018AB7923002CC890 /* TGameManager.m in Sources */,
				27ECBEEF18A39DAC008FF741 /* base64.c in Sources */,
				27EFF3D6187E959B005DE689 /* SecondViewController.m in Sources */,
				2769CAE8188ECFAD00824DAF /* SHACode.m in Sources */,
				27AC2CDB18A25213002E1D01 /* UserData.m in Sources */,
				27C08098189A5F1100F4DE64 /* Game.m in Sources */,
				27EFF40C187EA268005DE689 /* TMenuButton.m in Sources */,
				2798351E18ABD332002CC890 /* TCardField.m in Sources */,
				2781D87C18928F55002366EB /* Nutritive.m in Sources */,
				272D1A781889206800545543 /* TLogInViewController.m in Sources */,
				27008B9618AA199000432BC2 /* CardGenerator.m in Sources */,
				27EFF43C187EABDD005DE689 /* TProductViewController.m in Sources */,
				272E6EB318ACF58A00869EA1 /* Opponent.m in Sources */,
				27ECBEF118A39DAC008FF741 /* SRWebSocket.m in Sources */,
				27C9D32618AE149B0070C697 /* DataManager.m in Sources */,
				27C195CE188990E900BE7B66 /* TUsersDeckViewController.m in Sources */,
				27ECBEFA18A3A50A008FF741 /* Websocket.m in Sources */,
				27EFF3F6187E9C98005DE689 /* TGameViewController.m in Sources */,
				27EFF3CA187E959A005DE689 /* AppDelegate.m in Sources */,
				27008BA518AA28AF00432BC2 /* TOverviewCardViewController.m in Sources */,
				27EFF3D3187E959B005DE689 /* FirstViewController.m in Sources */,
				272D3B191897D40800236EBB /* TDetailCardViewController.m in Sources */,
				275D38F218899342006A0CCE /* TCardCollectionViewCell.m in Sources */,
				27008C1718C786BC00E801CE /* UserCoreData.xcdatamodeld in Sources */,
				27C0808C189A436900F4DE64 /* TNutritiveCell.m in Sources */,
				27EFF3F9187E9D07005DE689 /* TLobbyViewController.m in Sources */,
				27C08092189A4C6A00F4DE64 /* SpinnerView.m in Sources */,
				27EFF6EB187EB997005DE689 /* Product.m in Sources */,
				27EFF3C6187E959A005DE689 /* main.m in Sources */,
				27EFF3FC187E9D9A005DE689 /* TDeckViewController.m in Sources */,
			);
			runOnlyForDeploymentPostprocessing = 0;
		};
		27EFF3D9187E959B005DE689 /* Sources */ = {
			isa = PBXSourcesBuildPhase;
			buildActionMask = 2147483647;
			files = (
				27EFF3EB187E959B005DE689 /* TudorGameTests.m in Sources */,
			);
			runOnlyForDeploymentPostprocessing = 0;
		};
/* End PBXSourcesBuildPhase section */

/* Begin PBXTargetDependency section */
		27388B681887E0450083512D /* PBXTargetDependency */ = {
			isa = PBXTargetDependency;
			name = RestKitFramework;
			targetProxy = 27388B671887E0450083512D /* PBXContainerItemProxy */;
		};
		27EFF3E3187E959B005DE689 /* PBXTargetDependency */ = {
			isa = PBXTargetDependency;
			target = 27EFF3B5187E959A005DE689 /* TudorGame */;
			targetProxy = 27EFF3E2187E959B005DE689 /* PBXContainerItemProxy */;
		};
/* End PBXTargetDependency section */

/* Begin PBXVariantGroup section */
		27EFF3C2187E959A005DE689 /* InfoPlist.strings */ = {
			isa = PBXVariantGroup;
			children = (
				27EFF3C3187E959A005DE689 /* en */,
			);
			name = InfoPlist.strings;
			sourceTree = "<group>";
		};
		27EFF3CB187E959A005DE689 /* Main_iPhone.storyboard */ = {
			isa = PBXVariantGroup;
			children = (
				27EFF3CC187E959A005DE689 /* Base */,
			);
			name = Main_iPhone.storyboard;
			sourceTree = "<group>";
		};
		27EFF3CE187E959B005DE689 /* Main_iPad.storyboard */ = {
			isa = PBXVariantGroup;
			children = (
				27EFF3CF187E959B005DE689 /* Base */,
			);
			name = Main_iPad.storyboard;
			sourceTree = "<group>";
		};
		27EFF3E7187E959B005DE689 /* InfoPlist.strings */ = {
			isa = PBXVariantGroup;
			children = (
				27EFF3E8187E959B005DE689 /* en */,
			);
			name = InfoPlist.strings;
			sourceTree = "<group>";
		};
/* End PBXVariantGroup section */

/* Begin XCBuildConfiguration section */
		27EFF3EC187E959B005DE689 /* Debug */ = {
			isa = XCBuildConfiguration;
			buildSettings = {
				ALWAYS_SEARCH_USER_PATHS = NO;
				ARCHS = "$(ARCHS_STANDARD_INCLUDING_64_BIT)";
				CLANG_CXX_LANGUAGE_STANDARD = "gnu++0x";
				CLANG_CXX_LIBRARY = "libc++";
				CLANG_ENABLE_MODULES = YES;
				CLANG_ENABLE_OBJC_ARC = YES;
				CLANG_WARN_BOOL_CONVERSION = YES;
				CLANG_WARN_CONSTANT_CONVERSION = YES;
				CLANG_WARN_DIRECT_OBJC_ISA_USAGE = YES_ERROR;
				CLANG_WARN_EMPTY_BODY = YES;
				CLANG_WARN_ENUM_CONVERSION = YES;
				CLANG_WARN_INT_CONVERSION = YES;
				CLANG_WARN_OBJC_ROOT_CLASS = YES_ERROR;
				CLANG_WARN__DUPLICATE_METHOD_MATCH = YES;
				"CODE_SIGN_IDENTITY[sdk=iphoneos*]" = "iPhone Developer";
				COPY_PHASE_STRIP = NO;
				GCC_C_LANGUAGE_STANDARD = gnu99;
				GCC_DYNAMIC_NO_PIC = NO;
				GCC_OPTIMIZATION_LEVEL = 0;
				GCC_PREPROCESSOR_DEFINITIONS = (
					"DEBUG=1",
					"$(inherited)",
				);
				GCC_SYMBOLS_PRIVATE_EXTERN = NO;
				GCC_WARN_64_TO_32_BIT_CONVERSION = YES;
				GCC_WARN_ABOUT_RETURN_TYPE = YES_ERROR;
				GCC_WARN_UNDECLARED_SELECTOR = YES;
				GCC_WARN_UNINITIALIZED_AUTOS = YES;
				GCC_WARN_UNUSED_FUNCTION = YES;
				GCC_WARN_UNUSED_VARIABLE = YES;
				IPHONEOS_DEPLOYMENT_TARGET = 7.0;
				ONLY_ACTIVE_ARCH = YES;
				SDKROOT = iphoneos;
				TARGETED_DEVICE_FAMILY = "1,2";
			};
			name = Debug;
		};
		27EFF3ED187E959B005DE689 /* Release */ = {
			isa = XCBuildConfiguration;
			buildSettings = {
				ALWAYS_SEARCH_USER_PATHS = NO;
				ARCHS = "$(ARCHS_STANDARD_INCLUDING_64_BIT)";
				CLANG_CXX_LANGUAGE_STANDARD = "gnu++0x";
				CLANG_CXX_LIBRARY = "libc++";
				CLANG_ENABLE_MODULES = YES;
				CLANG_ENABLE_OBJC_ARC = YES;
				CLANG_WARN_BOOL_CONVERSION = YES;
				CLANG_WARN_CONSTANT_CONVERSION = YES;
				CLANG_WARN_DIRECT_OBJC_ISA_USAGE = YES_ERROR;
				CLANG_WARN_EMPTY_BODY = YES;
				CLANG_WARN_ENUM_CONVERSION = YES;
				CLANG_WARN_INT_CONVERSION = YES;
				CLANG_WARN_OBJC_ROOT_CLASS = YES_ERROR;
				CLANG_WARN__DUPLICATE_METHOD_MATCH = YES;
				"CODE_SIGN_IDENTITY[sdk=iphoneos*]" = "iPhone Developer";
				COPY_PHASE_STRIP = YES;
				ENABLE_NS_ASSERTIONS = NO;
				GCC_C_LANGUAGE_STANDARD = gnu99;
				GCC_WARN_64_TO_32_BIT_CONVERSION = YES;
				GCC_WARN_ABOUT_RETURN_TYPE = YES_ERROR;
				GCC_WARN_UNDECLARED_SELECTOR = YES;
				GCC_WARN_UNINITIALIZED_AUTOS = YES;
				GCC_WARN_UNUSED_FUNCTION = YES;
				GCC_WARN_UNUSED_VARIABLE = YES;
				IPHONEOS_DEPLOYMENT_TARGET = 7.0;
				SDKROOT = iphoneos;
				TARGETED_DEVICE_FAMILY = "1,2";
				VALIDATE_PRODUCT = YES;
			};
			name = Release;
		};
		27EFF3EF187E959B005DE689 /* Debug */ = {
			isa = XCBuildConfiguration;
			buildSettings = {
				ASSETCATALOG_COMPILER_APPICON_NAME = AppIcon;
				ASSETCATALOG_COMPILER_LAUNCHIMAGE_NAME = LaunchImage;
				CODE_SIGN_IDENTITY = "iPhone Developer";
				"CODE_SIGN_IDENTITY[sdk=iphoneos*]" = "iPhone Developer";
				GCC_PRECOMPILE_PREFIX_HEADER = YES;
				GCC_PREFIX_HEADER = "TudorGame/TudorGame-Prefix.pch";
				HEADER_SEARCH_PATHS = (
					"$(inherited)",
					/Applications/Xcode.app/Contents/Developer/Toolchains/XcodeDefault.xctoolchain/usr/include,
					"\"$(BUILT_PRODUCTS_DIR)/../../Headers\"",
				);
				INFOPLIST_FILE = "TudorGame/TudorGame-Info.plist";
				LIBRARY_SEARCH_PATHS = (
					"$(inherited)",
					"/Users/deejay/Desktop/Tudor\\ Unterlagen/BachelorThesis/TudorGame/TudorGame/ZBarSDK",
					"$(SDKROOT)/usr/lib/system",
				);
				OTHER_CFLAGS = "-I/usr/include/libxml2";
				OTHER_LDFLAGS = (
					"-ObjC",
					"-all_load",
				);
				PRODUCT_NAME = "$(TARGET_NAME)";
				PROVISIONING_PROFILE = "";
				WRAPPER_EXTENSION = app;
			};
			name = Debug;
		};
		27EFF3F0187E959B005DE689 /* Release */ = {
			isa = XCBuildConfiguration;
			buildSettings = {
				ASSETCATALOG_COMPILER_APPICON_NAME = AppIcon;
				ASSETCATALOG_COMPILER_LAUNCHIMAGE_NAME = LaunchImage;
				CODE_SIGN_IDENTITY = "iPhone Developer";
				"CODE_SIGN_IDENTITY[sdk=iphoneos*]" = "iPhone Developer";
				GCC_PRECOMPILE_PREFIX_HEADER = YES;
				GCC_PREFIX_HEADER = "TudorGame/TudorGame-Prefix.pch";
				HEADER_SEARCH_PATHS = (
					"$(inherited)",
					/Applications/Xcode.app/Contents/Developer/Toolchains/XcodeDefault.xctoolchain/usr/include,
					"\"$(BUILT_PRODUCTS_DIR)/../../Headers\"",
				);
				INFOPLIST_FILE = "TudorGame/TudorGame-Info.plist";
				LIBRARY_SEARCH_PATHS = (
					"$(inherited)",
					"/Users/deejay/Desktop/Tudor\\ Unterlagen/BachelorThesis/TudorGame/TudorGame/ZBarSDK",
					"$(SDKROOT)/usr/lib/system",
				);
				OTHER_CFLAGS = "-I/usr/include/libxml2";
				OTHER_LDFLAGS = (
					"-ObjC",
					"-all_load",
				);
				PRODUCT_NAME = "$(TARGET_NAME)";
				PROVISIONING_PROFILE = "";
				WRAPPER_EXTENSION = app;
			};
			name = Release;
		};
		27EFF3F2187E959B005DE689 /* Debug */ = {
			isa = XCBuildConfiguration;
			buildSettings = {
				ARCHS = "$(ARCHS_STANDARD_INCLUDING_64_BIT)";
				BUNDLE_LOADER = "$(BUILT_PRODUCTS_DIR)/TudorGame.app/TudorGame";
				FRAMEWORK_SEARCH_PATHS = (
					"$(SDKROOT)/Developer/Library/Frameworks",
					"$(inherited)",
					"$(DEVELOPER_FRAMEWORKS_DIR)",
				);
				GCC_PRECOMPILE_PREFIX_HEADER = YES;
				GCC_PREFIX_HEADER = "TudorGame/TudorGame-Prefix.pch";
				GCC_PREPROCESSOR_DEFINITIONS = (
					"DEBUG=1",
					"$(inherited)",
				);
				INFOPLIST_FILE = "TudorGameTests/TudorGameTests-Info.plist";
				PRODUCT_NAME = "$(TARGET_NAME)";
				TEST_HOST = "$(BUNDLE_LOADER)";
				WRAPPER_EXTENSION = xctest;
			};
			name = Debug;
		};
		27EFF3F3187E959B005DE689 /* Release */ = {
			isa = XCBuildConfiguration;
			buildSettings = {
				ARCHS = "$(ARCHS_STANDARD_INCLUDING_64_BIT)";
				BUNDLE_LOADER = "$(BUILT_PRODUCTS_DIR)/TudorGame.app/TudorGame";
				FRAMEWORK_SEARCH_PATHS = (
					"$(SDKROOT)/Developer/Library/Frameworks",
					"$(inherited)",
					"$(DEVELOPER_FRAMEWORKS_DIR)",
				);
				GCC_PRECOMPILE_PREFIX_HEADER = YES;
				GCC_PREFIX_HEADER = "TudorGame/TudorGame-Prefix.pch";
				INFOPLIST_FILE = "TudorGameTests/TudorGameTests-Info.plist";
				PRODUCT_NAME = "$(TARGET_NAME)";
				TEST_HOST = "$(BUNDLE_LOADER)";
				WRAPPER_EXTENSION = xctest;
			};
			name = Release;
		};
/* End XCBuildConfiguration section */

/* Begin XCConfigurationList section */
		27EFF3B1187E959A005DE689 /* Build configuration list for PBXProject "TudorGame" */ = {
			isa = XCConfigurationList;
			buildConfigurations = (
				27EFF3EC187E959B005DE689 /* Debug */,
				27EFF3ED187E959B005DE689 /* Release */,
			);
			defaultConfigurationIsVisible = 0;
			defaultConfigurationName = Release;
		};
		27EFF3EE187E959B005DE689 /* Build configuration list for PBXNativeTarget "TudorGame" */ = {
			isa = XCConfigurationList;
			buildConfigurations = (
				27EFF3EF187E959B005DE689 /* Debug */,
				27EFF3F0187E959B005DE689 /* Release */,
			);
			defaultConfigurationIsVisible = 0;
			defaultConfigurationName = Release;
		};
		27EFF3F1187E959B005DE689 /* Build configuration list for PBXNativeTarget "TudorGameTests" */ = {
			isa = XCConfigurationList;
			buildConfigurations = (
				27EFF3F2187E959B005DE689 /* Debug */,
				27EFF3F3187E959B005DE689 /* Release */,
			);
			defaultConfigurationIsVisible = 0;
			defaultConfigurationName = Release;
		};
/* End XCConfigurationList section */

/* Begin XCVersionGroup section */
		27008C1518C786BC00E801CE /* UserCoreData.xcdatamodeld */ = {
			isa = XCVersionGroup;
			children = (
				27008C1618C786BC00E801CE /* UserCoreData.xcdatamodel */,
			);
			currentVersion = 27008C1618C786BC00E801CE /* UserCoreData.xcdatamodel */;
			path = UserCoreData.xcdatamodeld;
			sourceTree = "<group>";
			versionGroupType = wrapper.xcdatamodel;
		};
/* End XCVersionGroup section */
	};
	rootObject = 27EFF3AE187E959A005DE689 /* Project object */;
}
